
Microsoft Visual Studio Solution File, Format Version 12.00
# Visual Studio Version 16
VisualStudioVersion = 16.0.28922.388
MinimumVisualStudioVersion = 10.0.40219.1
Project("{9A19103F-16F7-4668-BE54-9A1E7A4F7556}") = "web-spaceways", "spaceways\web-spaceways.csproj", "{7F53F944-38A9-48F0-B0C6-60331D8058D4}"
EndProject
Project("{FAE04EC0-301F-11D3-BF4B-00C04F79EFBC}") = "data", "Data\data.csproj", "{4B29419E-FEB1-4DB1-9874-0B9CDEBB912D}"
EndProject
Project("{FAE04EC0-301F-11D3-BF4B-00C04F79EFBC}") = "unit-test", "unit-test\unit-test.csproj", "{B978B698-F769-4A52-A2AD-6F7BA48A9DCE}"
EndProject
Global
	GlobalSection(SolutionConfigurationPlatforms) = preSolution
		Debug|Any CPU = Debug|Any CPU
		Release|Any CPU = Release|Any CPU
	EndGlobalSection
	GlobalSection(ProjectConfigurationPlatforms) = postSolution
		{7F53F944-38A9-48F0-B0C6-60331D8058D4}.Debug|Any CPU.ActiveCfg = Debug|Any CPU
		{7F53F944-38A9-48F0-B0C6-60331D8058D4}.Debug|Any CPU.Build.0 = Debug|Any CPU
		{7F53F944-38A9-48F0-B0C6-60331D8058D4}.Release|Any CPU.ActiveCfg = Release|Any CPU
		{7F53F944-38A9-48F0-B0C6-60331D8058D4}.Release|Any CPU.Build.0 = Release|Any CPU
		{4B29419E-FEB1-4DB1-9874-0B9CDEBB912D}.Debug|Any CPU.ActiveCfg = Debug|Any CPU
		{4B29419E-FEB1-4DB1-9874-0B9CDEBB912D}.Debug|Any CPU.Build.0 = Debug|Any CPU
		{4B29419E-FEB1-4DB1-9874-0B9CDEBB912D}.Release|Any CPU.ActiveCfg = Release|Any CPU
		{4B29419E-FEB1-4DB1-9874-0B9CDEBB912D}.Release|Any CPU.Build.0 = Release|Any CPU
		{B978B698-F769-4A52-A2AD-6F7BA48A9DCE}.Debug|Any CPU.ActiveCfg = Debug|Any CPU
		{B978B698-F769-4A52-A2AD-6F7BA48A9DCE}.Debug|Any CPU.Build.0 = Debug|Any CPU
		{B978B698-F769-4A52-A2AD-6F7BA48A9DCE}.Release|Any CPU.ActiveCfg = Release|Any CPU
		{B978B698-F769-4A52-A2AD-6F7BA48A9DCE}.Release|Any CPU.Build.0 = Release|Any CPU
	EndGlobalSection
	GlobalSection(SolutionProperties) = preSolution
		HideSolutionNode = FALSE
	EndGlobalSection
	GlobalSection(ExtensibilityGlobals) = postSolution
		SolutionGuid = {EEF9D61F-C2AD-4B69-873C-9523C1E4F5BE}
	EndGlobalSection
EndGlobal
